
Microsoft Visual Studio Solution File, Format Version 12.00
# Visual Studio Version 16
VisualStudioVersion = 16.0.30804.86
MinimumVisualStudioVersion = 10.0.40219.1
Project("{8BC9CEB8-8B4A-11D0-8D11-00A0C91BC942}") = "Platform-Win32", "Platform-Win32\Platform-Win32.vcxproj", "{C1738804-82C4-49F3-A675-86B6EF85D8CB}"
	ProjectSection(ProjectDependencies) = postProject
		{AEF63202-8F7D-41A2-BDFB-24FC3D56973A} = {AEF63202-8F7D-41A2-BDFB-24FC3D56973A}
		{D8BEC99B-4CC7-4598-8A5A-5E7BB910E3D0} = {D8BEC99B-4CC7-4598-8A5A-5E7BB910E3D0}
	EndProjectSection
EndProject
Project("{8BC9CEB8-8B4A-11D0-8D11-00A0C91BC942}") = "Renderer-DirectX11", "Renderer-DirectX11\Renderer-DirectX11.vcxproj", "{D8BEC99B-4CC7-4598-8A5A-5E7BB910E3D0}"
EndProject
Project("{8BC9CEB8-8B4A-11D0-8D11-00A0C91BC942}") = "Engine", "Engine\Engine.vcxproj", "{AEF63202-8F7D-41A2-BDFB-24FC3D56973A}"
EndProject
Project("{8BC9CEB8-8B4A-11D0-8D11-00A0C91BC942}") = "Imgui", "Imgui\Imgui.vcxproj", "{EBC3B1DC-96A9-49AF-89D2-38A1F959B5F0}"
EndProject
Global
	GlobalSection(SolutionConfigurationPlatforms) = preSolution
		Debug|x64 = Debug|x64
		Debug|x86 = Debug|x86
		Release|x64 = Release|x64
		Release|x86 = Release|x86
	EndGlobalSection
	GlobalSection(ProjectConfigurationPlatforms) = postSolution
		{C1738804-82C4-49F3-A675-86B6EF85D8CB}.Debug|x64.ActiveCfg = Debug|x64
		{C1738804-82C4-49F3-A675-86B6EF85D8CB}.Debug|x64.Build.0 = Debug|x64
		{C1738804-82C4-49F3-A675-86B6EF85D8CB}.Debug|x86.ActiveCfg = Debug|Win32
		{C1738804-82C4-49F3-A675-86B6EF85D8CB}.Debug|x86.Build.0 = Debug|Win32
		{C1738804-82C4-49F3-A675-86B6EF85D8CB}.Release|x64.ActiveCfg = Release|x64
		{C1738804-82C4-49F3-A675-86B6EF85D8CB}.Release|x64.Build.0 = Release|x64
		{C1738804-82C4-49F3-A675-86B6EF85D8CB}.Release|x86.ActiveCfg = Release|Win32
		{C1738804-82C4-49F3-A675-86B6EF85D8CB}.Release|x86.Build.0 = Release|Win32
		{D8BEC99B-4CC7-4598-8A5A-5E7BB910E3D0}.Debug|x64.ActiveCfg = Debug|x64
		{D8BEC99B-4CC7-4598-8A5A-5E7BB910E3D0}.Debug|x64.Build.0 = Debug|x64
		{D8BEC99B-4CC7-4598-8A5A-5E7BB910E3D0}.Debug|x86.ActiveCfg = Debug|Win32
		{D8BEC99B-4CC7-4598-8A5A-5E7BB910E3D0}.Debug|x86.Build.0 = Debug|Win32
		{D8BEC99B-4CC7-4598-8A5A-5E7BB910E3D0}.Release|x64.ActiveCfg = Release|x64
		{D8BEC99B-4CC7-4598-8A5A-5E7BB910E3D0}.Release|x64.Build.0 = Release|x64
		{D8BEC99B-4CC7-4598-8A5A-5E7BB910E3D0}.Release|x86.ActiveCfg = Release|Win32
		{D8BEC99B-4CC7-4598-8A5A-5E7BB910E3D0}.Release|x86.Build.0 = Release|Win32
		{AEF63202-8F7D-41A2-BDFB-24FC3D56973A}.Debug|x64.ActiveCfg = Debug|x64
		{AEF63202-8F7D-41A2-BDFB-24FC3D56973A}.Debug|x64.Build.0 = Debug|x64
		{AEF63202-8F7D-41A2-BDFB-24FC3D56973A}.Debug|x86.ActiveCfg = Debug|Win32
		{AEF63202-8F7D-41A2-BDFB-24FC3D56973A}.Debug|x86.Build.0 = Debug|Win32
		{AEF63202-8F7D-41A2-BDFB-24FC3D56973A}.Release|x64.ActiveCfg = Release|x64
		{AEF63202-8F7D-41A2-BDFB-24FC3D56973A}.Release|x64.Build.0 = Release|x64
		{AEF63202-8F7D-41A2-BDFB-24FC3D56973A}.Release|x86.ActiveCfg = Release|Win32
		{AEF63202-8F7D-41A2-BDFB-24FC3D56973A}.Release|x86.Build.0 = Release|Win32
		{EBC3B1DC-96A9-49AF-89D2-38A1F959B5F0}.Debug|x64.ActiveCfg = Debug|x64
		{EBC3B1DC-96A9-49AF-89D2-38A1F959B5F0}.Debug|x64.Build.0 = Debug|x64
		{EBC3B1DC-96A9-49AF-89D2-38A1F959B5F0}.Debug|x86.ActiveCfg = Debug|Win32
		{EBC3B1DC-96A9-49AF-89D2-38A1F959B5F0}.Debug|x86.Build.0 = Debug|Win32
		{EBC3B1DC-96A9-49AF-89D2-38A1F959B5F0}.Release|x64.ActiveCfg = Release|x64
		{EBC3B1DC-96A9-49AF-89D2-38A1F959B5F0}.Release|x64.Build.0 = Release|x64
		{EBC3B1DC-96A9-49AF-89D2-38A1F959B5F0}.Release|x86.ActiveCfg = Release|Win32
		{EBC3B1DC-96A9-49AF-89D2-38A1F959B5F0}.Release|x86.Build.0 = Release|Win32
	EndGlobalSection
	GlobalSection(SolutionProperties) = preSolution
		HideSolutionNode = FALSE
	EndGlobalSection
	GlobalSection(ExtensibilityGlobals) = postSolution
		SolutionGuid = {ACBE9B02-696E-48F5-9824-148EFB3A1B69}
	EndGlobalSection
EndGlobal
